
Microsoft Visual Studio Solution File, Format Version 12.00
# Visual Studio 2012
Project("{FAE04EC0-301F-11D3-BF4B-00C04F79EFBC}") = "bukkitgui2", "bukkitgui2\bukkitgui2.csproj", "{0AEF421A-A71F-4642-9C9B-621F58FD7735}"
EndProject
Project("{FAE04EC0-301F-11D3-BF4B-00C04F79EFBC}") = "bukkitgui2host", "bukkitgui2host\bukkitgui2host.csproj", "{B464502F-0BD4-414A-B487-E154B592EE38}"
EndProject
Global
	GlobalSection(SolutionConfigurationPlatforms) = preSolution
		Debug|Any CPU = Debug|Any CPU
		Release|Any CPU = Release|Any CPU
	EndGlobalSection
	GlobalSection(ProjectConfigurationPlatforms) = postSolution
		{0AEF421A-A71F-4642-9C9B-621F58FD7735}.Debug|Any CPU.ActiveCfg = Debug|Any CPU
		{0AEF421A-A71F-4642-9C9B-621F58FD7735}.Debug|Any CPU.Build.0 = Debug|Any CPU
		{0AEF421A-A71F-4642-9C9B-621F58FD7735}.Release|Any CPU.ActiveCfg = Release|Any CPU
		{0AEF421A-A71F-4642-9C9B-621F58FD7735}.Release|Any CPU.Build.0 = Release|Any CPU
		{B464502F-0BD4-414A-B487-E154B592EE38}.Debug|Any CPU.ActiveCfg = Debug|Any CPU
		{B464502F-0BD4-414A-B487-E154B592EE38}.Debug|Any CPU.Build.0 = Debug|Any CPU
		{B464502F-0BD4-414A-B487-E154B592EE38}.Release|Any CPU.ActiveCfg = Release|Any CPU
		{B464502F-0BD4-414A-B487-E154B592EE38}.Release|Any CPU.Build.0 = Release|Any CPU
	EndGlobalSection
	GlobalSection(SolutionProperties) = preSolution
		HideSolutionNode = FALSE
	EndGlobalSection
EndGlobal
